
Microsoft Visual Studio Solution File, Format Version 12.00
# Visual Studio 15
VisualStudioVersion = 15.0.27703.2000
MinimumVisualStudioVersion = 10.0.40219.1
Project("{888888A0-9F3D-457C-B088-3A5042F75D52}") = "mnist", "mnist\mnist.pyproj", "{04297FC1-DE2F-49AE-90C9-340989CBD2DE}"
EndProject
Global
	GlobalSection(SolutionConfigurationPlatforms) = preSolution
		Debug|Any CPU = Debug|Any CPU
		Release|Any CPU = Release|Any CPU
	EndGlobalSection
	GlobalSection(ProjectConfigurationPlatforms) = postSolution
		{04297FC1-DE2F-49AE-90C9-340989CBD2DE}.Debug|Any CPU.ActiveCfg = Debug|Any CPU
		{04297FC1-DE2F-49AE-90C9-340989CBD2DE}.Release|Any CPU.ActiveCfg = Release|Any CPU
	EndGlobalSection
	GlobalSection(SolutionProperties) = preSolution
		HideSolutionNode = FALSE
	EndGlobalSection
	GlobalSection(ExtensibilityGlobals) = postSolution
		SolutionGuid = {464824E6-584A-4C07-9608-A4062CCF65BC}
	EndGlobalSection
EndGlobal
